
Microsoft Visual Studio Solution File, Format Version 12.00
# Visual Studio Version 16
VisualStudioVersion = 25.0.1700.0
MinimumVisualStudioVersion = 10.0.40219.1
Project("{FAE04EC0-301F-11D3-BF4B-00C04F79EFBC}") = "SampleOperator", "SampleOperator\SampleOperator.csproj", "{A6F37855-6DB0-4674-B1F0-77D26CA55D05}"
EndProject
Project("{FAE04EC0-301F-11D3-BF4B-00C04F79EFBC}") = "SampleGeneric", "SampleGeneric\SampleGeneric.csproj", "{7EFA36B0-2B49-4A2E-82A8-C07FBA0D7EB3}"
EndProject
Global
	GlobalSection(SolutionConfigurationPlatforms) = preSolution
		Debug|Any CPU = Debug|Any CPU
		Release|Any CPU = Release|Any CPU
	EndGlobalSection
	GlobalSection(ProjectConfigurationPlatforms) = postSolution
		{A6F37855-6DB0-4674-B1F0-77D26CA55D05}.Debug|Any CPU.ActiveCfg = Debug|Any CPU
		{A6F37855-6DB0-4674-B1F0-77D26CA55D05}.Debug|Any CPU.Build.0 = Debug|Any CPU
		{A6F37855-6DB0-4674-B1F0-77D26CA55D05}.Release|Any CPU.ActiveCfg = Release|Any CPU
		{A6F37855-6DB0-4674-B1F0-77D26CA55D05}.Release|Any CPU.Build.0 = Release|Any CPU
		{7EFA36B0-2B49-4A2E-82A8-C07FBA0D7EB3}.Debug|Any CPU.ActiveCfg = Debug|Any CPU
		{7EFA36B0-2B49-4A2E-82A8-C07FBA0D7EB3}.Debug|Any CPU.Build.0 = Debug|Any CPU
		{7EFA36B0-2B49-4A2E-82A8-C07FBA0D7EB3}.Release|Any CPU.ActiveCfg = Release|Any CPU
		{7EFA36B0-2B49-4A2E-82A8-C07FBA0D7EB3}.Release|Any CPU.Build.0 = Release|Any CPU
	EndGlobalSection
	GlobalSection(SolutionProperties) = preSolution
		HideSolutionNode = FALSE
	EndGlobalSection
	GlobalSection(ExtensibilityGlobals) = postSolution
		SolutionGuid = {D1CA997E-01FD-45D9-8B13-70FDDF8E42C4}
	EndGlobalSection
EndGlobal
